
Microsoft Visual Studio Solution File, Format Version 12.00
# Visual Studio Version 16
VisualStudioVersion = 16.0.31321.278
MinimumVisualStudioVersion = 10.0.40219.1
Project("{FAE04EC0-301F-11D3-BF4B-00C04F79EFBC}") = "HelloMod", "HelloMod\HelloMod.csproj", "{201ABA46-BC89-47C6-B125-A3748BDA1F1A}"
EndProject
Global
	GlobalSection(SolutionConfigurationPlatforms) = preSolution
		Debug|Any CPU = Debug|Any CPU
		Release|Any CPU = Release|Any CPU
	EndGlobalSection
	GlobalSection(ProjectConfigurationPlatforms) = postSolution
		{201ABA46-BC89-47C6-B125-A3748BDA1F1A}.Debug|Any CPU.ActiveCfg = Debug|Any CPU
		{201ABA46-BC89-47C6-B125-A3748BDA1F1A}.Debug|Any CPU.Build.0 = Debug|Any CPU
		{201ABA46-BC89-47C6-B125-A3748BDA1F1A}.Release|Any CPU.ActiveCfg = Release|Any CPU
		{201ABA46-BC89-47C6-B125-A3748BDA1F1A}.Release|Any CPU.Build.0 = Release|Any CPU
	EndGlobalSection
	GlobalSection(SolutionProperties) = preSolution
		HideSolutionNode = FALSE
	EndGlobalSection
	GlobalSection(ExtensibilityGlobals) = postSolution
		SolutionGuid = {66007E4E-43F9-411E-B254-8F3FA59FF093}
	EndGlobalSection
EndGlobal
